// !$*UTF8*$!
{
	archiveVersion = 1;
	classes = {
	};
	objectVersion = 55;
	objects = {

/* Begin PBXBuildFile section */
		777E989A284783C5007F8EE8 /* DetailViewController.swift in Sources */ = {isa = PBXBuildFile; fileRef = 777E9899284783C5007F8EE8 /* DetailViewController.swift */; };
		778970C2284773AF008D35F9 /* AppDelegate.swift in Sources */ = {isa = PBXBuildFile; fileRef = 778970C1284773AF008D35F9 /* AppDelegate.swift */; };
		778970C4284773AF008D35F9 /* SceneDelegate.swift in Sources */ = {isa = PBXBuildFile; fileRef = 778970C3284773AF008D35F9 /* SceneDelegate.swift */; };
		778970C6284773AF008D35F9 /* ViewController.swift in Sources */ = {isa = PBXBuildFile; fileRef = 778970C5284773AF008D35F9 /* ViewController.swift */; };
		778970C9284773AF008D35F9 /* Main.storyboard in Resources */ = {isa = PBXBuildFile; fileRef = 778970C7284773AF008D35F9 /* Main.storyboard */; };
		778970CB284773B0008D35F9 /* Assets.xcassets in Resources */ = {isa = PBXBuildFile; fileRef = 778970CA284773B0008D35F9 /* Assets.xcassets */; };
		778970CE284773B0008D35F9 /* LaunchScreen.storyboard in Resources */ = {isa = PBXBuildFile; fileRef = 778970CC284773B0008D35F9 /* LaunchScreen.storyboard */; };
		7789711F28477FFD008D35F9 /* spain@2x.png in Resources */ = {isa = PBXBuildFile; fileRef = 7789710728477FFD008D35F9 /* spain@2x.png */; };
		7789712028477FFD008D35F9 /* nigeria@2x.png in Resources */ = {isa = PBXBuildFile; fileRef = 7789710828477FFD008D35F9 /* nigeria@2x.png */; };
		7789712128477FFD008D35F9 /* nigeria@3x.png in Resources */ = {isa = PBXBuildFile; fileRef = 7789710928477FFD008D35F9 /* nigeria@3x.png */; };
		7789712228477FFD008D35F9 /* spain@3x.png in Resources */ = {isa = PBXBuildFile; fileRef = 7789710A28477FFD008D35F9 /* spain@3x.png */; };
		7789712328477FFD008D35F9 /* italy@3x.png in Resources */ = {isa = PBXBuildFile; fileRef = 7789710B28477FFD008D35F9 /* italy@3x.png */; };
		7789712428477FFD008D35F9 /* ireland@2x.png in Resources */ = {isa = PBXBuildFile; fileRef = 7789710C28477FFD008D35F9 /* ireland@2x.png */; };
		7789712528477FFD008D35F9 /* germany@3x.png in Resources */ = {isa = PBXBuildFile; fileRef = 7789710D28477FFD008D35F9 /* germany@3x.png */; };
		7789712628477FFD008D35F9 /* germany@2x.png in Resources */ = {isa = PBXBuildFile; fileRef = 7789710E28477FFD008D35F9 /* germany@2x.png */; };
		7789712728477FFD008D35F9 /* ireland@3x.png in Resources */ = {isa = PBXBuildFile; fileRef = 7789710F28477FFD008D35F9 /* ireland@3x.png */; };
		7789712828477FFD008D35F9 /* italy@2x.png in Resources */ = {isa = PBXBuildFile; fileRef = 7789711028477FFD008D35F9 /* italy@2x.png */; };
		7789712928477FFD008D35F9 /* poland@2x.png in Resources */ = {isa = PBXBuildFile; fileRef = 7789711128477FFD008D35F9 /* poland@2x.png */; };
		7789712A28477FFD008D35F9 /* russia@2x.png in Resources */ = {isa = PBXBuildFile; fileRef = 7789711228477FFD008D35F9 /* russia@2x.png */; };
		7789712B28477FFD008D35F9 /* estonia@2x.png in Resources */ = {isa = PBXBuildFile; fileRef = 7789711328477FFD008D35F9 /* estonia@2x.png */; };
		7789712C28477FFD008D35F9 /* estonia@3x.png in Resources */ = {isa = PBXBuildFile; fileRef = 7789711428477FFD008D35F9 /* estonia@3x.png */; };
		7789712D28477FFD008D35F9 /* russia@3x.png in Resources */ = {isa = PBXBuildFile; fileRef = 7789711528477FFD008D35F9 /* russia@3x.png */; };
		7789712E28477FFD008D35F9 /* poland@3x.png in Resources */ = {isa = PBXBuildFile; fileRef = 7789711628477FFD008D35F9 /* poland@3x.png */; };
		7789712F28477FFD008D35F9 /* uk@3x.png in Resources */ = {isa = PBXBuildFile; fileRef = 7789711728477FFD008D35F9 /* uk@3x.png */; };
		7789713028477FFD008D35F9 /* us@3x.png in Resources */ = {isa = PBXBuildFile; fileRef = 7789711828477FFD008D35F9 /* us@3x.png */; };
		7789713128477FFD008D35F9 /* france@3x.png in Resources */ = {isa = PBXBuildFile; fileRef = 7789711928477FFD008D35F9 /* france@3x.png */; };
		7789713228477FFD008D35F9 /* monaco@2x.png in Resources */ = {isa = PBXBuildFile; fileRef = 7789711A28477FFD008D35F9 /* monaco@2x.png */; };
		7789713328477FFD008D35F9 /* monaco@3x.png in Resources */ = {isa = PBXBuildFile; fileRef = 7789711B28477FFD008D35F9 /* monaco@3x.png */; };
		7789713428477FFD008D35F9 /* france@2x.png in Resources */ = {isa = PBXBuildFile; fileRef = 7789711C28477FFD008D35F9 /* france@2x.png */; };
		7789713528477FFD008D35F9 /* us@2x.png in Resources */ = {isa = PBXBuildFile; fileRef = 7789711D28477FFD008D35F9 /* us@2x.png */; };
		7789713628477FFD008D35F9 /* uk@2x.png in Resources */ = {isa = PBXBuildFile; fileRef = 7789711E28477FFD008D35F9 /* uk@2x.png */; };
/* End PBXBuildFile section */

/* Begin PBXFileReference section */
		777E9899284783C5007F8EE8 /* DetailViewController.swift */ = {isa = PBXFileReference; lastKnownFileType = sourcecode.swift; path = DetailViewController.swift; sourceTree = "<group>"; };
		778970BE284773AF008D35F9 /* 100 Days Of Swift-Challenge Project 1.app */ = {isa = PBXFileReference; explicitFileType = wrapper.application; includeInIndex = 0; path = "100 Days Of Swift-Challenge Project 1.app"; sourceTree = BUILT_PRODUCTS_DIR; };
		778970C1284773AF008D35F9 /* AppDelegate.swift */ = {isa = PBXFileReference; lastKnownFileType = sourcecode.swift; path = AppDelegate.swift; sourceTree = "<group>"; };
		778970C3284773AF008D35F9 /* SceneDelegate.swift */ = {isa = PBXFileReference; lastKnownFileType = sourcecode.swift; path = SceneDelegate.swift; sourceTree = "<group>"; };
		778970C5284773AF008D35F9 /* ViewController.swift */ = {isa = PBXFileReference; lastKnownFileType = sourcecode.swift; path = ViewController.swift; sourceTree = "<group>"; };
		778970C8284773AF008D35F9 /* Base */ = {isa = PBXFileReference; lastKnownFileType = file.storyboard; name = Base; path = Base.lproj/Main.storyboard; sourceTree = "<group>"; };
		778970CA284773B0008D35F9 /* Assets.xcassets */ = {isa = PBXFileReference; lastKnownFileType = folder.assetcatalog; path = Assets.xcassets; sourceTree = "<group>"; };
		778970CD284773B0008D35F9 /* Base */ = {isa = PBXFileReference; lastKnownFileType = file.storyboard; name = Base; path = Base.lproj/LaunchScreen.storyboard; sourceTree = "<group>"; };
		778970CF284773B0008D35F9 /* Info.plist */ = {isa = PBXFileReference; lastKnownFileType = text.plist.xml; path = Info.plist; sourceTree = "<group>"; };
		7789710728477FFD008D35F9 /* spain@2x.png */ = {isa = PBXFileReference; lastKnownFileType = image.png; path = "spain@2x.png"; sourceTree = "<group>"; };
		7789710828477FFD008D35F9 /* nigeria@2x.png */ = {isa = PBXFileReference; lastKnownFileType = image.png; path = "nigeria@2x.png"; sourceTree = "<group>"; };
		7789710928477FFD008D35F9 /* nigeria@3x.png */ = {isa = PBXFileReference; lastKnownFileType = image.png; path = "nigeria@3x.png"; sourceTree = "<group>"; };
		7789710A28477FFD008D35F9 /* spain@3x.png */ = {isa = PBXFileReference; lastKnownFileType = image.png; path = "spain@3x.png"; sourceTree = "<group>"; };
		7789710B28477FFD008D35F9 /* italy@3x.png */ = {isa = PBXFileReference; lastKnownFileType = image.png; path = "italy@3x.png"; sourceTree = "<group>"; };
		7789710C28477FFD008D35F9 /* ireland@2x.png */ = {isa = PBXFileReference; lastKnownFileType = image.png; path = "ireland@2x.png"; sourceTree = "<group>"; };
		7789710D28477FFD008D35F9 /* germany@3x.png */ = {isa = PBXFileReference; lastKnownFileType = image.png; path = "germany@3x.png"; sourceTree = "<group>"; };
		7789710E28477FFD008D35F9 /* germany@2x.png */ = {isa = PBXFileReference; lastKnownFileType = image.png; path = "germany@2x.png"; sourceTree = "<group>"; };
		7789710F28477FFD008D35F9 /* ireland@3x.png */ = {isa = PBXFileReference; lastKnownFileType = image.png; path = "ireland@3x.png"; sourceTree = "<group>"; };
		7789711028477FFD008D35F9 /* italy@2x.png */ = {isa = PBXFileReference; lastKnownFileType = image.png; path = "italy@2x.png"; sourceTree = "<group>"; };
		7789711128477FFD008D35F9 /* poland@2x.png */ = {isa = PBXFileReference; lastKnownFileType = image.png; path = "poland@2x.png"; sourceTree = "<group>"; };
		7789711228477FFD008D35F9 /* russia@2x.png */ = {isa = PBXFileReference; lastKnownFileType = image.png; path = "russia@2x.png"; sourceTree = "<group>"; };
		7789711328477FFD008D35F9 /* estonia@2x.png */ = {isa = PBXFileReference; lastKnownFileType = image.png; path = "estonia@2x.png"; sourceTree = "<group>"; };
		7789711428477FFD008D35F9 /* estonia@3x.png */ = {isa = PBXFileReference; lastKnownFileType = image.png; path = "estonia@3x.png"; sourceTree = "<group>"; };
		7789711528477FFD008D35F9 /* russia@3x.png */ = {isa = PBXFileReference; lastKnownFileType = image.png; path = "russia@3x.png"; sourceTree = "<group>"; };
		7789711628477FFD008D35F9 /* poland@3x.png */ = {isa = PBXFileReference; lastKnownFileType = image.png; path = "poland@3x.png"; sourceTree = "<group>"; };
		7789711728477FFD008D35F9 /* uk@3x.png */ = {isa = PBXFileReference; lastKnownFileType = image.png; path = "uk@3x.png"; sourceTree = "<group>"; };
		7789711828477FFD008D35F9 /* us@3x.png */ = {isa = PBXFileReference; lastKnownFileType = image.png; path = "us@3x.png"; sourceTree = "<group>"; };
		7789711928477FFD008D35F9 /* france@3x.png */ = {isa = PBXFileReference; lastKnownFileType = image.png; path = "france@3x.png"; sourceTree = "<group>"; };
		7789711A28477FFD008D35F9 /* monaco@2x.png */ = {isa = PBXFileReference; lastKnownFileType = image.png; path = "monaco@2x.png"; sourceTree = "<group>"; };
		7789711B28477FFD008D35F9 /* monaco@3x.png */ = {isa = PBXFileReference; lastKnownFileType = image.png; path = "monaco@3x.png"; sourceTree = "<group>"; };
		7789711C28477FFD008D35F9 /* france@2x.png */ = {isa = PBXFileReference; lastKnownFileType = image.png; path = "france@2x.png"; sourceTree = "<group>"; };
		7789711D28477FFD008D35F9 /* us@2x.png */ = {isa = PBXFileReference; lastKnownFileType = image.png; path = "us@2x.png"; sourceTree = "<group>"; };
		7789711E28477FFD008D35F9 /* uk@2x.png */ = {isa = PBXFileReference; lastKnownFileType = image.png; path = "uk@2x.png"; sourceTree = "<group>"; };
/* End PBXFileReference section */

/* Begin PBXFrameworksBuildPhase section */
		778970BB284773AF008D35F9 /* Frameworks */ = {
			isa = PBXFrameworksBuildPhase;
			buildActionMask = 2147483647;
			files = (
			);
			runOnlyForDeploymentPostprocessing = 0;
		};
/* End PBXFrameworksBuildPhase section */

/* Begin PBXGroup section */
		777E989B284783D1007F8EE8 /* Controller */ = {
			isa = PBXGroup;
			children = (
				777E9899284783C5007F8EE8 /* DetailViewController.swift */,
				778970C5284773AF008D35F9 /* ViewController.swift */,
			);
			path = Controller;
			sourceTree = "<group>";
		};
		777E989C284783EC007F8EE8 /* View */ = {
			isa = PBXGroup;
			children = (
				778970C7284773AF008D35F9 /* Main.storyboard */,
			);
			path = View;
			sourceTree = "<group>";
		};
		778970B5284773AF008D35F9 = {
			isa = PBXGroup;
			children = (
				778970C0284773AF008D35F9 /* 100 Days Of Swift-Challenge Project 1 */,
				778970BF284773AF008D35F9 /* Products */,
			);
			sourceTree = "<group>";
		};
		778970BF284773AF008D35F9 /* Products */ = {
			isa = PBXGroup;
			children = (
				778970BE284773AF008D35F9 /* 100 Days Of Swift-Challenge Project 1.app */,
			);
			name = Products;
			sourceTree = "<group>";
		};
		778970C0284773AF008D35F9 /* 100 Days Of Swift-Challenge Project 1 */ = {
			isa = PBXGroup;
			children = (
				778970C1284773AF008D35F9 /* AppDelegate.swift */,
				778970C3284773AF008D35F9 /* SceneDelegate.swift */,
				777E989B284783D1007F8EE8 /* Controller */,
				777E989C284783EC007F8EE8 /* View */,
				778970CA284773B0008D35F9 /* Assets.xcassets */,
				778970CC284773B0008D35F9 /* LaunchScreen.storyboard */,
				778970CF284773B0008D35F9 /* Info.plist */,
				7789710628477FFD008D35F9 /* Resource */,
			);
			path = "100 Days Of Swift-Challenge Project 1";
			sourceTree = "<group>";
		};
		7789710628477FFD008D35F9 /* Resource */ = {
			isa = PBXGroup;
			children = (
				7789710728477FFD008D35F9 /* spain@2x.png */,
				7789710828477FFD008D35F9 /* nigeria@2x.png */,
				7789710928477FFD008D35F9 /* nigeria@3x.png */,
				7789710A28477FFD008D35F9 /* spain@3x.png */,
				7789710B28477FFD008D35F9 /* italy@3x.png */,
				7789710C28477FFD008D35F9 /* ireland@2x.png */,
				7789710D28477FFD008D35F9 /* germany@3x.png */,
				7789710E28477FFD008D35F9 /* germany@2x.png */,
				7789710F28477FFD008D35F9 /* ireland@3x.png */,
				7789711028477FFD008D35F9 /* italy@2x.png */,
				7789711128477FFD008D35F9 /* poland@2x.png */,
				7789711228477FFD008D35F9 /* russia@2x.png */,
				7789711328477FFD008D35F9 /* estonia@2x.png */,
				7789711428477FFD008D35F9 /* estonia@3x.png */,
				7789711528477FFD008D35F9 /* russia@3x.png */,
				7789711628477FFD008D35F9 /* poland@3x.png */,
				7789711728477FFD008D35F9 /* uk@3x.png */,
				7789711828477FFD008D35F9 /* us@3x.png */,
				7789711928477FFD008D35F9 /* france@3x.png */,
				7789711A28477FFD008D35F9 /* monaco@2x.png */,
				7789711B28477FFD008D35F9 /* monaco@3x.png */,
				7789711C28477FFD008D35F9 /* france@2x.png */,
				7789711D28477FFD008D35F9 /* us@2x.png */,
				7789711E28477FFD008D35F9 /* uk@2x.png */,
			);
			path = Resource;
			sourceTree = "<group>";
		};
/* End PBXGroup section */

/* Begin PBXNativeTarget section */
		778970BD284773AF008D35F9 /* 100 Days Of Swift-Challenge Project 1 */ = {
			isa = PBXNativeTarget;
			buildConfigurationList = 778970D2284773B0008D35F9 /* Build configuration list for PBXNativeTarget "100 Days Of Swift-Challenge Project 1" */;
			buildPhases = (
				778970BA284773AF008D35F9 /* Sources */,
				778970BB284773AF008D35F9 /* Frameworks */,
				778970BC284773AF008D35F9 /* Resources */,
			);
			buildRules = (
			);
			dependencies = (
			);
			name = "100 Days Of Swift-Challenge Project 1";
			productName = "100 Days Of Swift-Challenge Project 1";
			productReference = 778970BE284773AF008D35F9 /* 100 Days Of Swift-Challenge Project 1.app */;
			productType = "com.apple.product-type.application";
		};
/* End PBXNativeTarget section */

/* Begin PBXProject section */
		778970B6284773AF008D35F9 /* Project object */ = {
			isa = PBXProject;
			attributes = {
				BuildIndependentTargetsInParallel = 1;
				LastSwiftUpdateCheck = 1340;
				LastUpgradeCheck = 1340;
				TargetAttributes = {
					778970BD284773AF008D35F9 = {
						CreatedOnToolsVersion = 13.4;
					};
				};
			};
			buildConfigurationList = 778970B9284773AF008D35F9 /* Build configuration list for PBXProject "100 Days Of Swift-Challenge Project 1" */;
			compatibilityVersion = "Xcode 13.0";
			developmentRegion = en;
			hasScannedForEncodings = 0;
			knownRegions = (
				en,
				Base,
			);
			mainGroup = 778970B5284773AF008D35F9;
			productRefGroup = 778970BF284773AF008D35F9 /* Products */;
			projectDirPath = "";
			projectRoot = "";
			targets = (
				778970BD284773AF008D35F9 /* 100 Days Of Swift-Challenge Project 1 */,
			);
		};
/* End PBXProject section */

/* Begin PBXResourcesBuildPhase section */
		778970BC284773AF008D35F9 /* Resources */ = {
			isa = PBXResourcesBuildPhase;
			buildActionMask = 2147483647;
			files = (
				7789713328477FFD008D35F9 /* monaco@3x.png in Resources */,
				7789712028477FFD008D35F9 /* nigeria@2x.png in Resources */,
				7789713528477FFD008D35F9 /* us@2x.png in Resources */,
				7789712128477FFD008D35F9 /* nigeria@3x.png in Resources */,
				7789712E28477FFD008D35F9 /* poland@3x.png in Resources */,
				7789712F28477FFD008D35F9 /* uk@3x.png in Resources */,
				7789713428477FFD008D35F9 /* france@2x.png in Resources */,
				7789712828477FFD008D35F9 /* italy@2x.png in Resources */,
				7789711F28477FFD008D35F9 /* spain@2x.png in Resources */,
				7789712528477FFD008D35F9 /* germany@3x.png in Resources */,
				778970CE284773B0008D35F9 /* LaunchScreen.storyboard in Resources */,
				7789712928477FFD008D35F9 /* poland@2x.png in Resources */,
				778970CB284773B0008D35F9 /* Assets.xcassets in Resources */,
				7789712328477FFD008D35F9 /* italy@3x.png in Resources */,
				7789712C28477FFD008D35F9 /* estonia@3x.png in Resources */,
				7789713228477FFD008D35F9 /* monaco@2x.png in Resources */,
				778970C9284773AF008D35F9 /* Main.storyboard in Resources */,
				7789712428477FFD008D35F9 /* ireland@2x.png in Resources */,
				7789712628477FFD008D35F9 /* germany@2x.png in Resources */,
				7789713028477FFD008D35F9 /* us@3x.png in Resources */,
				7789712228477FFD008D35F9 /* spain@3x.png in Resources */,
				7789712A28477FFD008D35F9 /* russia@2x.png in Resources */,
				7789712B28477FFD008D35F9 /* estonia@2x.png in Resources */,
				7789712D28477FFD008D35F9 /* russia@3x.png in Resources */,
				7789713628477FFD008D35F9 /* uk@2x.png in Resources */,
				7789713128477FFD008D35F9 /* france@3x.png in Resources */,
				7789712728477FFD008D35F9 /* ireland@3x.png in Resources */,
			);
			runOnlyForDeploymentPostprocessing = 0;
		};
/* End PBXResourcesBuildPhase section */

/* Begin PBXSourcesBuildPhase section */
		778970BA284773AF008D35F9 /* Sources */ = {
			isa = PBXSourcesBuildPhase;
			buildActionMask = 2147483647;
			files = (
				778970C6284773AF008D35F9 /* ViewController.swift in Sources */,
				778970C2284773AF008D35F9 /* AppDelegate.swift in Sources */,
				778970C4284773AF008D35F9 /* SceneDelegate.swift in Sources */,
				777E989A284783C5007F8EE8 /* DetailViewController.swift in Sources */,
			);
			runOnlyForDeploymentPostprocessing = 0;
		};
/* End PBXSourcesBuildPhase section */

/* Begin PBXVariantGroup section */
		778970C7284773AF008D35F9 /* Main.storyboard */ = {
			isa = PBXVariantGroup;
			children = (
				778970C8284773AF008D35F9 /* Base */,
			);
			name = Main.storyboard;
			sourceTree = "<group>";
		};
		778970CC284773B0008D35F9 /* LaunchScreen.storyboard */ = {
			isa = PBXVariantGroup;
			children = (
				778970CD284773B0008D35F9 /* Base */,
			);
			name = LaunchScreen.storyboard;
			sourceTree = "<group>";
		};
/* End PBXVariantGroup section */

/* Begin XCBuildConfiguration section */
		778970D0284773B0008D35F9 /* Debug */ = {
			isa = XCBuildConfiguration;
			buildSettings = {
				ALWAYS_SEARCH_USER_PATHS = NO;
				CLANG_ANALYZER_NONNULL = YES;
				CLANG_ANALYZER_NUMBER_OBJECT_CONVERSION = YES_AGGRESSIVE;
				CLANG_CXX_LANGUAGE_STANDARD = "gnu++17";
				CLANG_ENABLE_MODULES = YES;
				CLANG_ENABLE_OBJC_ARC = YES;
				CLANG_ENABLE_OBJC_WEAK = YES;
				CLANG_WARN_BLOCK_CAPTURE_AUTORELEASING = YES;
				CLANG_WARN_BOOL_CONVERSION = YES;
				CLANG_WARN_COMMA = YES;
				CLANG_WARN_CONSTANT_CONVERSION = YES;
				CLANG_WARN_DEPRECATED_OBJC_IMPLEMENTATIONS = YES;
				CLANG_WARN_DIRECT_OBJC_ISA_USAGE = YES_ERROR;
				CLANG_WARN_DOCUMENTATION_COMMENTS = YES;
				CLANG_WARN_EMPTY_BODY = YES;
				CLANG_WARN_ENUM_CONVERSION = YES;
				CLANG_WARN_INFINITE_RECURSION = YES;
				CLANG_WARN_INT_CONVERSION = YES;
				CLANG_WARN_NON_LITERAL_NULL_CONVERSION = YES;
				CLANG_WARN_OBJC_IMPLICIT_RETAIN_SELF = YES;
				CLANG_WARN_OBJC_LITERAL_CONVERSION = YES;
				CLANG_WARN_OBJC_ROOT_CLASS = YES_ERROR;
				CLANG_WARN_QUOTED_INCLUDE_IN_FRAMEWORK_HEADER = YES;
				CLANG_WARN_RANGE_LOOP_ANALYSIS = YES;
				CLANG_WARN_STRICT_PROTOTYPES = YES;
				CLANG_WARN_SUSPICIOUS_MOVE = YES;
				CLANG_WARN_UNGUARDED_AVAILABILITY = YES_AGGRESSIVE;
				CLANG_WARN_UNREACHABLE_CODE = YES;
				CLANG_WARN__DUPLICATE_METHOD_MATCH = YES;
				COPY_PHASE_STRIP = NO;
				DEBUG_INFORMATION_FORMAT = dwarf;
				ENABLE_STRICT_OBJC_MSGSEND = YES;
				ENABLE_TESTABILITY = YES;
				GCC_C_LANGUAGE_STANDARD = gnu11;
				GCC_DYNAMIC_NO_PIC = NO;
				GCC_NO_COMMON_BLOCKS = YES;
				GCC_OPTIMIZATION_LEVEL = 0;
				GCC_PREPROCESSOR_DEFINITIONS = (
					"DEBUG=1",
					"$(inherited)",
				);
				GCC_WARN_64_TO_32_BIT_CONVERSION = YES;
				GCC_WARN_ABOUT_RETURN_TYPE = YES_ERROR;
				GCC_WARN_UNDECLARED_SELECTOR = YES;
				GCC_WARN_UNINITIALIZED_AUTOS = YES_AGGRESSIVE;
				GCC_WARN_UNUSED_FUNCTION = YES;
				GCC_WARN_UNUSED_VARIABLE = YES;
				IPHONEOS_DEPLOYMENT_TARGET = 15.5;
				MTL_ENABLE_DEBUG_INFO = INCLUDE_SOURCE;
				MTL_FAST_MATH = YES;
				ONLY_ACTIVE_ARCH = YES;
				SDKROOT = iphoneos;
				SWIFT_ACTIVE_COMPILATION_CONDITIONS = DEBUG;
				SWIFT_OPTIMIZATION_LEVEL = "-Onone";
			};
			name = Debug;
		};
		778970D1284773B0008D35F9 /* Release */ = {
			isa = XCBuildConfiguration;
			buildSettings = {
				ALWAYS_SEARCH_USER_PATHS = NO;
				CLANG_ANALYZER_NONNULL = YES;
				CLANG_ANALYZER_NUMBER_OBJECT_CONVERSION = YES_AGGRESSIVE;
				CLANG_CXX_LANGUAGE_STANDARD = "gnu++17";
				CLANG_ENABLE_MODULES = YES;
				CLANG_ENABLE_OBJC_ARC = YES;
				CLANG_ENABLE_OBJC_WEAK = YES;
				CLANG_WARN_BLOCK_CAPTURE_AUTORELEASING = YES;
				CLANG_WARN_BOOL_CONVERSION = YES;
				CLANG_WARN_COMMA = YES;
				CLANG_WARN_CONSTANT_CONVERSION = YES;
				CLANG_WARN_DEPRECATED_OBJC_IMPLEMENTATIONS = YES;
				CLANG_WARN_DIRECT_OBJC_ISA_USAGE = YES_ERROR;
				CLANG_WARN_DOCUMENTATION_COMMENTS = YES;
				CLANG_WARN_EMPTY_BODY = YES;
				CLANG_WARN_ENUM_CONVERSION = YES;
				CLANG_WARN_INFINITE_RECURSION = YES;
				CLANG_WARN_INT_CONVERSION = YES;
				CLANG_WARN_NON_LITERAL_NULL_CONVERSION = YES;
				CLANG_WARN_OBJC_IMPLICIT_RETAIN_SELF = YES;
				CLANG_WARN_OBJC_LITERAL_CONVERSION = YES;
				CLANG_WARN_OBJC_ROOT_CLASS = YES_ERROR;
				CLANG_WARN_QUOTED_INCLUDE_IN_FRAMEWORK_HEADER = YES;
				CLANG_WARN_RANGE_LOOP_ANALYSIS = YES;
				CLANG_WARN_STRICT_PROTOTYPES = YES;
				CLANG_WARN_SUSPICIOUS_MOVE = YES;
				CLANG_WARN_UNGUARDED_AVAILABILITY = YES_AGGRESSIVE;
				CLANG_WARN_UNREACHABLE_CODE = YES;
				CLANG_WARN__DUPLICATE_METHOD_MATCH = YES;
				COPY_PHASE_STRIP = NO;
				DEBUG_INFORMATION_FORMAT = "dwarf-with-dsym";
				ENABLE_NS_ASSERTIONS = NO;
				ENABLE_STRICT_OBJC_MSGSEND = YES;
				GCC_C_LANGUAGE_STANDARD = gnu11;
				GCC_NO_COMMON_BLOCKS = YES;
				GCC_WARN_64_TO_32_BIT_CONVERSION = YES;
				GCC_WARN_ABOUT_RETURN_TYPE = YES_ERROR;
				GCC_WARN_UNDECLARED_SELECTOR = YES;
				GCC_WARN_UNINITIALIZED_AUTOS = YES_AGGRESSIVE;
				GCC_WARN_UNUSED_FUNCTION = YES;
				GCC_WARN_UNUSED_VARIABLE = YES;
				IPHONEOS_DEPLOYMENT_TARGET = 15.5;
				MTL_ENABLE_DEBUG_INFO = NO;
				MTL_FAST_MATH = YES;
				SDKROOT = iphoneos;
				SWIFT_COMPILATION_MODE = wholemodule;
				SWIFT_OPTIMIZATION_LEVEL = "-O";
				VALIDATE_PRODUCT = YES;
			};
			name = Release;
		};
		778970D3284773B0008D35F9 /* Debug */ = {
			isa = XCBuildConfiguration;
			buildSettings = {
				ASSETCATALOG_COMPILER_APPICON_NAME = AppIcon;
				ASSETCATALOG_COMPILER_GLOBAL_ACCENT_COLOR_NAME = AccentColor;
				CODE_SIGN_STYLE = Automatic;
				CURRENT_PROJECT_VERSION = 1;
				DEVELOPMENT_TEAM = 72X6JCUCBJ;
				GENERATE_INFOPLIST_FILE = YES;
				INFOPLIST_FILE = "100 Days Of Swift-Challenge Project 1/Info.plist";
				INFOPLIST_KEY_UIApplicationSupportsIndirectInputEvents = YES;
				INFOPLIST_KEY_UILaunchStoryboardName = LaunchScreen;
				INFOPLIST_KEY_UIMainStoryboardFile = Main;
				INFOPLIST_KEY_UISupportedInterfaceOrientations_iPad = "UIInterfaceOrientationPortrait UIInterfaceOrientationPortraitUpsideDown UIInterfaceOrientationLandscapeLeft UIInterfaceOrientationLandscapeRight";
				INFOPLIST_KEY_UISupportedInterfaceOrientations_iPhone = "UIInterfaceOrientationPortrait UIInterfaceOrientationLandscapeLeft UIInterfaceOrientationLandscapeRight";
				LD_RUNPATH_SEARCH_PATHS = (
					"$(inherited)",
					"@executable_path/Frameworks",
				);
				MARKETING_VERSION = 1.0;
				PRODUCT_BUNDLE_IDENTIFIER = "com.ardabho.-00-Days-Of-Swift-Challenge-Project-1";
				PRODUCT_NAME = "$(TARGET_NAME)";
				SWIFT_EMIT_LOC_STRINGS = YES;
				SWIFT_VERSION = 5.0;
				TARGETED_DEVICE_FAMILY = "1,2";
			};
			name = Debug;
		};
		778970D4284773B0008D35F9 /* Release */ = {
			isa = XCBuildConfiguration;
			buildSettings = {
				ASSETCATALOG_COMPILER_APPICON_NAME = AppIcon;
				ASSETCATALOG_COMPILER_GLOBAL_ACCENT_COLOR_NAME = AccentColor;
				CODE_SIGN_STYLE = Automatic;
				CURRENT_PROJECT_VERSION = 1;
				DEVELOPMENT_TEAM = 72X6JCUCBJ;
				GENERATE_INFOPLIST_FILE = YES;
				INFOPLIST_FILE = "100 Days Of Swift-Challenge Project 1/Info.plist";
				INFOPLIST_KEY_UIApplicationSupportsIndirectInputEvents = YES;
				INFOPLIST_KEY_UILaunchStoryboardName = LaunchScreen;
				INFOPLIST_KEY_UIMainStoryboardFile = Main;
				INFOPLIST_KEY_UISupportedInterfaceOrientations_iPad = "UIInterfaceOrientationPortrait UIInterfaceOrientationPortraitUpsideDown UIInterfaceOrientationLandscapeLeft UIInterfaceOrientationLandscapeRight";
				INFOPLIST_KEY_UISupportedInterfaceOrientations_iPhone = "UIInterfaceOrientationPortrait UIInterfaceOrientationLandscapeLeft UIInterfaceOrientationLandscapeRight";
				LD_RUNPATH_SEARCH_PATHS = (
					"$(inherited)",
					"@executable_path/Frameworks",
				);
				MARKETING_VERSION = 1.0;
				PRODUCT_BUNDLE_IDENTIFIER = "com.ardabho.-00-Days-Of-Swift-Challenge-Project-1";
				PRODUCT_NAME = "$(TARGET_NAME)";
				SWIFT_EMIT_LOC_STRINGS = YES;
				SWIFT_VERSION = 5.0;
				TARGETED_DEVICE_FAMILY = "1,2";
			};
			name = Release;
		};
/* End XCBuildConfiguration section */

/* Begin XCConfigurationList section */
		778970B9284773AF008D35F9 /* Build configuration list for PBXProject "100 Days Of Swift-Challenge Project 1" */ = {
			isa = XCConfigurationList;
			buildConfigurations = (
				778970D0284773B0008D35F9 /* Debug */,
				778970D1284773B0008D35F9 /* Release */,
			);
			defaultConfigurationIsVisible = 0;
			defaultConfigurationName = Release;
		};
		778970D2284773B0008D35F9 /* Build configuration list for PBXNativeTarget "100 Days Of Swift-Challenge Project 1" */ = {
			isa = XCConfigurationList;
			buildConfigurations = (
				778970D3284773B0008D35F9 /* Debug */,
				778970D4284773B0008D35F9 /* Release */,
			);
			defaultConfigurationIsVisible = 0;
			defaultConfigurationName = Release;
		};
/* End XCConfigurationList section */
	};
	rootObject = 778970B6284773AF008D35F9 /* Project object */;
}
